
Microsoft Visual Studio Solution File, Format Version 12.00
# Visual Studio Version 16
VisualStudioVersion = 16.0.30413.136
MinimumVisualStudioVersion = 10.0.40219.1
Project("{9A19103F-16F7-4668-BE54-9A1E7A4F7556}") = "BlazorMovies.Server", "BlazorMovies\Server\BlazorMovies.Server.csproj", "{69D8704A-0DA4-44FD-AEC9-A2F5230088BA}"
EndProject
Project("{9A19103F-16F7-4668-BE54-9A1E7A4F7556}") = "BlazorMovies.Client", "BlazorMovies\Client\BlazorMovies.Client.csproj", "{45A8EB14-6F2F-41F2-A058-55F9F9753A5C}"
EndProject
Project("{9A19103F-16F7-4668-BE54-9A1E7A4F7556}") = "BlazorMovies.Shared", "BlazorMovies\Shared\BlazorMovies.Shared.csproj", "{E1E8076D-8F7E-43AB-8AB2-FD74E54A051B}"
EndProject
Global
	GlobalSection(SolutionConfigurationPlatforms) = preSolution
		Debug|Any CPU = Debug|Any CPU
		Release|Any CPU = Release|Any CPU
	EndGlobalSection
	GlobalSection(ProjectConfigurationPlatforms) = postSolution
		{69D8704A-0DA4-44FD-AEC9-A2F5230088BA}.Debug|Any CPU.ActiveCfg = Debug|Any CPU
		{69D8704A-0DA4-44FD-AEC9-A2F5230088BA}.Debug|Any CPU.Build.0 = Debug|Any CPU
		{69D8704A-0DA4-44FD-AEC9-A2F5230088BA}.Release|Any CPU.ActiveCfg = Release|Any CPU
		{69D8704A-0DA4-44FD-AEC9-A2F5230088BA}.Release|Any CPU.Build.0 = Release|Any CPU
		{45A8EB14-6F2F-41F2-A058-55F9F9753A5C}.Debug|Any CPU.ActiveCfg = Debug|Any CPU
		{45A8EB14-6F2F-41F2-A058-55F9F9753A5C}.Debug|Any CPU.Build.0 = Debug|Any CPU
		{45A8EB14-6F2F-41F2-A058-55F9F9753A5C}.Release|Any CPU.ActiveCfg = Release|Any CPU
		{45A8EB14-6F2F-41F2-A058-55F9F9753A5C}.Release|Any CPU.Build.0 = Release|Any CPU
		{E1E8076D-8F7E-43AB-8AB2-FD74E54A051B}.Debug|Any CPU.ActiveCfg = Debug|Any CPU
		{E1E8076D-8F7E-43AB-8AB2-FD74E54A051B}.Debug|Any CPU.Build.0 = Debug|Any CPU
		{E1E8076D-8F7E-43AB-8AB2-FD74E54A051B}.Release|Any CPU.ActiveCfg = Release|Any CPU
		{E1E8076D-8F7E-43AB-8AB2-FD74E54A051B}.Release|Any CPU.Build.0 = Release|Any CPU
	EndGlobalSection
	GlobalSection(SolutionProperties) = preSolution
		HideSolutionNode = FALSE
	EndGlobalSection
	GlobalSection(ExtensibilityGlobals) = postSolution
		SolutionGuid = {06487F77-BA0A-47EA-8FDA-79556A53FC7E}
	EndGlobalSection
EndGlobal
